
Microsoft Visual Studio Solution File, Format Version 12.00
# Visual Studio Version 16
VisualStudioVersion = 16.0.30804.86
MinimumVisualStudioVersion = 10.0.40219.1
Project("{FAE04EC0-301F-11D3-BF4B-00C04F79EFBC}") = "Almacen", "Almacen\Almacen.csproj", "{3212F835-C6E8-4139-8CC5-3B9903EF4556}"
EndProject
Project("{FAE04EC0-301F-11D3-BF4B-00C04F79EFBC}") = "Aberturas", "Aberturas\Aberturas.csproj", "{77AADB1A-70F3-4D56-B7FF-56DD27616440}"
EndProject
Global
	GlobalSection(SolutionConfigurationPlatforms) = preSolution
		Debug|Any CPU = Debug|Any CPU
		Release|Any CPU = Release|Any CPU
	EndGlobalSection
	GlobalSection(ProjectConfigurationPlatforms) = postSolution
		{3212F835-C6E8-4139-8CC5-3B9903EF4556}.Debug|Any CPU.ActiveCfg = Debug|Any CPU
		{3212F835-C6E8-4139-8CC5-3B9903EF4556}.Debug|Any CPU.Build.0 = Debug|Any CPU
		{3212F835-C6E8-4139-8CC5-3B9903EF4556}.Release|Any CPU.ActiveCfg = Release|Any CPU
		{3212F835-C6E8-4139-8CC5-3B9903EF4556}.Release|Any CPU.Build.0 = Release|Any CPU
		{77AADB1A-70F3-4D56-B7FF-56DD27616440}.Debug|Any CPU.ActiveCfg = Debug|Any CPU
		{77AADB1A-70F3-4D56-B7FF-56DD27616440}.Debug|Any CPU.Build.0 = Debug|Any CPU
		{77AADB1A-70F3-4D56-B7FF-56DD27616440}.Release|Any CPU.ActiveCfg = Release|Any CPU
		{77AADB1A-70F3-4D56-B7FF-56DD27616440}.Release|Any CPU.Build.0 = Release|Any CPU
	EndGlobalSection
	GlobalSection(SolutionProperties) = preSolution
		HideSolutionNode = FALSE
	EndGlobalSection
	GlobalSection(ExtensibilityGlobals) = postSolution
		SolutionGuid = {548D1F8A-6199-49B3-B838-0BE037C3DD29}
	EndGlobalSection
EndGlobal
